// !$*UTF8*$!
{
	archiveVersion = 1;
	classes = {
	};
	objectVersion = 55;
	objects = {

/* Begin PBXBuildFile section */
		890746302906B7D80020E2F6 /* SignUpViewController.swift in Sources */ = {isa = PBXBuildFile; fileRef = 8907462F2906B7D80020E2F6 /* SignUpViewController.swift */; };
		890746322906B7E40020E2F6 /* SignUpCoordinator.swift in Sources */ = {isa = PBXBuildFile; fileRef = 890746312906B7E40020E2F6 /* SignUpCoordinator.swift */; };
		890746342906B7FB0020E2F6 /* SignUpViewModel.swift in Sources */ = {isa = PBXBuildFile; fileRef = 890746332906B7FB0020E2F6 /* SignUpViewModel.swift */; };
		890746382906C0AB0020E2F6 /* GoogleService-Info.plist in Resources */ = {isa = PBXBuildFile; fileRef = 890746372906C0AB0020E2F6 /* GoogleService-Info.plist */; };
		8913F62329095E4F00ECC5E9 /* AuthServiceProtocol.swift in Sources */ = {isa = PBXBuildFile; fileRef = 8913F62229095E4F00ECC5E9 /* AuthServiceProtocol.swift */; };
		8913F6252909608300ECC5E9 /* CollectionViewManager.swift in Sources */ = {isa = PBXBuildFile; fileRef = 8913F6242909608300ECC5E9 /* CollectionViewManager.swift */; };
		8913F628290961C900ECC5E9 /* CollectionViewCell.swift in Sources */ = {isa = PBXBuildFile; fileRef = 8913F627290961C900ECC5E9 /* CollectionViewCell.swift */; };
		892D9DAB290868E3006E3A59 /* TabBarPage.swift in Sources */ = {isa = PBXBuildFile; fileRef = 892D9DAA290868E3006E3A59 /* TabBarPage.swift */; };
		892D9DAD29086C25006E3A59 /* AlertViewModelDelegate.swift in Sources */ = {isa = PBXBuildFile; fileRef = 892D9DAC29086C25006E3A59 /* AlertViewModelDelegate.swift */; };
		892D9DB129086E6F006E3A59 /* AuthService.swift in Sources */ = {isa = PBXBuildFile; fileRef = 892D9DB029086E6F006E3A59 /* AuthService.swift */; };
		89336539290FFD2B00088A15 /* DetailViewController.swift in Sources */ = {isa = PBXBuildFile; fileRef = 89336538290FFD2B00088A15 /* DetailViewController.swift */; };
		8944456F2910303100903200 /* DetailCoordinator.swift in Sources */ = {isa = PBXBuildFile; fileRef = 8944456E2910303100903200 /* DetailCoordinator.swift */; };
		89444571291030E300903200 /* DetailViewModel.swift in Sources */ = {isa = PBXBuildFile; fileRef = 89444570291030E300903200 /* DetailViewModel.swift */; };
		894445732910317200903200 /* SearchCoordinator.swift in Sources */ = {isa = PBXBuildFile; fileRef = 894445722910317200903200 /* SearchCoordinator.swift */; };
		8944457529103A0300903200 /* FavoriteCoordinator.swift in Sources */ = {isa = PBXBuildFile; fileRef = 8944457429103A0300903200 /* FavoriteCoordinator.swift */; };
		895CD4822903110400E1933C /* AuthViewController.swift in Sources */ = {isa = PBXBuildFile; fileRef = 895CD4812903110400E1933C /* AuthViewController.swift */; };
		895CD4842903112600E1933C /* AuthCoordinator.swift in Sources */ = {isa = PBXBuildFile; fileRef = 895CD4832903112600E1933C /* AuthCoordinator.swift */; };
		895CD4862903113200E1933C /* AuthViewModel.swift in Sources */ = {isa = PBXBuildFile; fileRef = 895CD4852903113200E1933C /* AuthViewModel.swift */; };
		895CD488290315AA00E1933C /* AuthTextField.swift in Sources */ = {isa = PBXBuildFile; fileRef = 895CD487290315AA00E1933C /* AuthTextField.swift */; };
		897143872906FEF200704741 /* UIViewController + Extensions.swift in Sources */ = {isa = PBXBuildFile; fileRef = 897143862906FEF200704741 /* UIViewController + Extensions.swift */; };
		897143892906FFC300704741 /* String + Extensions.swift in Sources */ = {isa = PBXBuildFile; fileRef = 897143882906FFC300704741 /* String + Extensions.swift */; };
		8973021B290C5D8A005C1B13 /* CollectionViewCellViewModel.swift in Sources */ = {isa = PBXBuildFile; fileRef = 8973021A290C5D8A005C1B13 /* CollectionViewCellViewModel.swift */; };
		8973E342290970D0008664C5 /* NetworkService.swift in Sources */ = {isa = PBXBuildFile; fileRef = 8973E341290970D0008664C5 /* NetworkService.swift */; };
		8973E34A2909A68F008664C5 /* Environment.swift in Sources */ = {isa = PBXBuildFile; fileRef = 8973E3492909A68F008664C5 /* Environment.swift */; };
		897AD7A429129B3E00729B07 /* UIView + Extensions.swift in Sources */ = {isa = PBXBuildFile; fileRef = 897AD7A329129B3E00729B07 /* UIView + Extensions.swift */; };
		899AAE0A2908039A0081EC29 /* SearchViewController.swift in Sources */ = {isa = PBXBuildFile; fileRef = 899AAE092908039A0081EC29 /* SearchViewController.swift */; };
		899AAE0C2908041C0081EC29 /* FavoriteViewController.swift in Sources */ = {isa = PBXBuildFile; fileRef = 899AAE0B2908041C0081EC29 /* FavoriteViewController.swift */; };
		899AAE122908069D0081EC29 /* SearchViewModel.swift in Sources */ = {isa = PBXBuildFile; fileRef = 899AAE112908069D0081EC29 /* SearchViewModel.swift */; };
		899AAE14290806A40081EC29 /* FavoriteViewModel.swift in Sources */ = {isa = PBXBuildFile; fileRef = 899AAE13290806A40081EC29 /* FavoriteViewModel.swift */; };
		899AAE16290808070081EC29 /* ImageryTabBarCoordinator.swift in Sources */ = {isa = PBXBuildFile; fileRef = 899AAE15290808060081EC29 /* ImageryTabBarCoordinator.swift */; };
		899B6D1D2902B441008DCB6F /* UIImageView + Extensions.swift in Sources */ = {isa = PBXBuildFile; fileRef = 899B6D1C2902B441008DCB6F /* UIImageView + Extensions.swift */; };
		899B6D1F2902B5D6008DCB6F /* UILabel + Extensions.swift in Sources */ = {isa = PBXBuildFile; fileRef = 899B6D1E2902B5D6008DCB6F /* UILabel + Extensions.swift */; };
		899B6D222902B5F2008DCB6F /* UIFont + Extensions.swift in Sources */ = {isa = PBXBuildFile; fileRef = 899B6D212902B5F2008DCB6F /* UIFont + Extensions.swift */; };
		899B6D242902B60D008DCB6F /* UIColor + Extensions.swift in Sources */ = {isa = PBXBuildFile; fileRef = 899B6D232902B60D008DCB6F /* UIColor + Extensions.swift */; };
		899B6D262902B6C9008DCB6F /* UIButton + Extensions.swift in Sources */ = {isa = PBXBuildFile; fileRef = 899B6D252902B6C9008DCB6F /* UIButton + Extensions.swift */; };
		899B6D282902B746008DCB6F /* UIStackView + Extensions.swift in Sources */ = {isa = PBXBuildFile; fileRef = 899B6D272902B746008DCB6F /* UIStackView + Extensions.swift */; };
		89AA2E47290C769600BEE9C9 /* PinterestLayoutDelegate.swift in Sources */ = {isa = PBXBuildFile; fileRef = 89AA2E46290C769600BEE9C9 /* PinterestLayoutDelegate.swift */; };
		89AA2E49290C76F000BEE9C9 /* PinterestLayout.swift in Sources */ = {isa = PBXBuildFile; fileRef = 89AA2E48290C76F000BEE9C9 /* PinterestLayout.swift */; };
		89AE484E290AB52200665296 /* ImageInfo.swift in Sources */ = {isa = PBXBuildFile; fileRef = 89AE484D290AB52200665296 /* ImageInfo.swift */; };
		89AE4850290AB53000665296 /* Result.swift in Sources */ = {isa = PBXBuildFile; fileRef = 89AE484F290AB53000665296 /* Result.swift */; };
		89AE4852290AB54400665296 /* Urls.swift in Sources */ = {isa = PBXBuildFile; fileRef = 89AE4851290AB54400665296 /* Urls.swift */; };
		89C7A4D62902ACE500D4C87E /* AppDelegate.swift in Sources */ = {isa = PBXBuildFile; fileRef = 89C7A4D52902ACE500D4C87E /* AppDelegate.swift */; };
		89C7A4DA2902ACE500D4C87E /* WelcomeViewController.swift in Sources */ = {isa = PBXBuildFile; fileRef = 89C7A4D92902ACE500D4C87E /* WelcomeViewController.swift */; };
		89C7A4DF2902ACE600D4C87E /* Assets.xcassets in Resources */ = {isa = PBXBuildFile; fileRef = 89C7A4DE2902ACE600D4C87E /* Assets.xcassets */; };
		89C7A4E22902ACE600D4C87E /* LaunchScreen.storyboard in Resources */ = {isa = PBXBuildFile; fileRef = 89C7A4E02902ACE600D4C87E /* LaunchScreen.storyboard */; };
		89C7A4ED2902ACE600D4C87E /* ImageryTests.swift in Sources */ = {isa = PBXBuildFile; fileRef = 89C7A4EC2902ACE600D4C87E /* ImageryTests.swift */; };
		89C7A4F72902ACE600D4C87E /* ImageryUITests.swift in Sources */ = {isa = PBXBuildFile; fileRef = 89C7A4F62902ACE600D4C87E /* ImageryUITests.swift */; };
		89C7A4F92902ACE600D4C87E /* ImageryUITestsLaunchTests.swift in Sources */ = {isa = PBXBuildFile; fileRef = 89C7A4F82902ACE600D4C87E /* ImageryUITestsLaunchTests.swift */; };
		89C7A50A2902ADC600D4C87E /* Coordinator.swift in Sources */ = {isa = PBXBuildFile; fileRef = 89C7A5092902ADC600D4C87E /* Coordinator.swift */; };
		89C7A50C2902ADEA00D4C87E /* AppCoordinator.swift in Sources */ = {isa = PBXBuildFile; fileRef = 89C7A50B2902ADEA00D4C87E /* AppCoordinator.swift */; };
		89C7A50E2902AE0600D4C87E /* WelcomeCoordinator.swift in Sources */ = {isa = PBXBuildFile; fileRef = 89C7A50D2902AE0600D4C87E /* WelcomeCoordinator.swift */; };
		89C7A5112902AE2F00D4C87E /* WelcomeViewModel.swift in Sources */ = {isa = PBXBuildFile; fileRef = 89C7A5102902AE2F00D4C87E /* WelcomeViewModel.swift */; };
		89D01913290D28DB00ACB383 /* Constants.swift in Sources */ = {isa = PBXBuildFile; fileRef = 89D01912290D28DB00ACB383 /* Constants.swift */; };
		8DE465057C39CE67EE359A25 /* Pods_Imagery.framework in Frameworks */ = {isa = PBXBuildFile; fileRef = F5BFF32AD7CDB870A642829A /* Pods_Imagery.framework */; };
/* End PBXBuildFile section */

/* Begin PBXContainerItemProxy section */
		89C7A4E92902ACE600D4C87E /* PBXContainerItemProxy */ = {
			isa = PBXContainerItemProxy;
			containerPortal = 89C7A4CA2902ACE500D4C87E /* Project object */;
			proxyType = 1;
			remoteGlobalIDString = 89C7A4D12902ACE500D4C87E;
			remoteInfo = Imagery;
		};
		89C7A4F32902ACE600D4C87E /* PBXContainerItemProxy */ = {
			isa = PBXContainerItemProxy;
			containerPortal = 89C7A4CA2902ACE500D4C87E /* Project object */;
			proxyType = 1;
			remoteGlobalIDString = 89C7A4D12902ACE500D4C87E;
			remoteInfo = Imagery;
		};
/* End PBXContainerItemProxy section */

/* Begin PBXFileReference section */
		1680039B273A1CD3B9A3D47A /* Pods-Imagery.debug.xcconfig */ = {isa = PBXFileReference; includeInIndex = 1; lastKnownFileType = text.xcconfig; name = "Pods-Imagery.debug.xcconfig"; path = "Target Support Files/Pods-Imagery/Pods-Imagery.debug.xcconfig"; sourceTree = "<group>"; };
		1CC2E156C2FD62B8C9988568 /* Pods-Imagery.release.xcconfig */ = {isa = PBXFileReference; includeInIndex = 1; lastKnownFileType = text.xcconfig; name = "Pods-Imagery.release.xcconfig"; path = "Target Support Files/Pods-Imagery/Pods-Imagery.release.xcconfig"; sourceTree = "<group>"; };
		8907462F2906B7D80020E2F6 /* SignUpViewController.swift */ = {isa = PBXFileReference; lastKnownFileType = sourcecode.swift; path = SignUpViewController.swift; sourceTree = "<group>"; };
		890746312906B7E40020E2F6 /* SignUpCoordinator.swift */ = {isa = PBXFileReference; lastKnownFileType = sourcecode.swift; path = SignUpCoordinator.swift; sourceTree = "<group>"; };
		890746332906B7FB0020E2F6 /* SignUpViewModel.swift */ = {isa = PBXFileReference; lastKnownFileType = sourcecode.swift; path = SignUpViewModel.swift; sourceTree = "<group>"; };
		890746372906C0AB0020E2F6 /* GoogleService-Info.plist */ = {isa = PBXFileReference; fileEncoding = 4; lastKnownFileType = text.plist.xml; path = "GoogleService-Info.plist"; sourceTree = "<group>"; };
		8913F62229095E4F00ECC5E9 /* AuthServiceProtocol.swift */ = {isa = PBXFileReference; lastKnownFileType = sourcecode.swift; path = AuthServiceProtocol.swift; sourceTree = "<group>"; };
		8913F6242909608300ECC5E9 /* CollectionViewManager.swift */ = {isa = PBXFileReference; lastKnownFileType = sourcecode.swift; path = CollectionViewManager.swift; sourceTree = "<group>"; };
		8913F627290961C900ECC5E9 /* CollectionViewCell.swift */ = {isa = PBXFileReference; lastKnownFileType = sourcecode.swift; path = CollectionViewCell.swift; sourceTree = "<group>"; };
		892D9DAA290868E3006E3A59 /* TabBarPage.swift */ = {isa = PBXFileReference; lastKnownFileType = sourcecode.swift; path = TabBarPage.swift; sourceTree = "<group>"; };
		892D9DAC29086C25006E3A59 /* AlertViewModelDelegate.swift */ = {isa = PBXFileReference; lastKnownFileType = sourcecode.swift; path = AlertViewModelDelegate.swift; sourceTree = "<group>"; };
		892D9DB029086E6F006E3A59 /* AuthService.swift */ = {isa = PBXFileReference; lastKnownFileType = sourcecode.swift; path = AuthService.swift; sourceTree = "<group>"; };
		892D9E31290BDFCB004829A1 /* Config.xcconfig */ = {isa = PBXFileReference; lastKnownFileType = text.xcconfig; path = Config.xcconfig; sourceTree = "<group>"; };
		89336538290FFD2B00088A15 /* DetailViewController.swift */ = {isa = PBXFileReference; lastKnownFileType = sourcecode.swift; path = DetailViewController.swift; sourceTree = "<group>"; };
		8944456E2910303100903200 /* DetailCoordinator.swift */ = {isa = PBXFileReference; lastKnownFileType = sourcecode.swift; path = DetailCoordinator.swift; sourceTree = "<group>"; };
		89444570291030E300903200 /* DetailViewModel.swift */ = {isa = PBXFileReference; lastKnownFileType = sourcecode.swift; path = DetailViewModel.swift; sourceTree = "<group>"; };
		894445722910317200903200 /* SearchCoordinator.swift */ = {isa = PBXFileReference; lastKnownFileType = sourcecode.swift; path = SearchCoordinator.swift; sourceTree = "<group>"; };
		8944457429103A0300903200 /* FavoriteCoordinator.swift */ = {isa = PBXFileReference; lastKnownFileType = sourcecode.swift; path = FavoriteCoordinator.swift; sourceTree = "<group>"; };
		895CD4812903110400E1933C /* AuthViewController.swift */ = {isa = PBXFileReference; lastKnownFileType = sourcecode.swift; path = AuthViewController.swift; sourceTree = "<group>"; };
		895CD4832903112600E1933C /* AuthCoordinator.swift */ = {isa = PBXFileReference; lastKnownFileType = sourcecode.swift; path = AuthCoordinator.swift; sourceTree = "<group>"; };
		895CD4852903113200E1933C /* AuthViewModel.swift */ = {isa = PBXFileReference; lastKnownFileType = sourcecode.swift; path = AuthViewModel.swift; sourceTree = "<group>"; };
		895CD487290315AA00E1933C /* AuthTextField.swift */ = {isa = PBXFileReference; lastKnownFileType = sourcecode.swift; path = AuthTextField.swift; sourceTree = "<group>"; };
		897143862906FEF200704741 /* UIViewController + Extensions.swift */ = {isa = PBXFileReference; lastKnownFileType = sourcecode.swift; path = "UIViewController + Extensions.swift"; sourceTree = "<group>"; };
		897143882906FFC300704741 /* String + Extensions.swift */ = {isa = PBXFileReference; lastKnownFileType = sourcecode.swift; path = "String + Extensions.swift"; sourceTree = "<group>"; };
		8973021A290C5D8A005C1B13 /* CollectionViewCellViewModel.swift */ = {isa = PBXFileReference; lastKnownFileType = sourcecode.swift; path = CollectionViewCellViewModel.swift; sourceTree = "<group>"; };
		8973E341290970D0008664C5 /* NetworkService.swift */ = {isa = PBXFileReference; lastKnownFileType = sourcecode.swift; path = NetworkService.swift; sourceTree = "<group>"; };
		8973E3492909A68F008664C5 /* Environment.swift */ = {isa = PBXFileReference; lastKnownFileType = sourcecode.swift; path = Environment.swift; sourceTree = "<group>"; };
		897AD7A329129B3E00729B07 /* UIView + Extensions.swift */ = {isa = PBXFileReference; lastKnownFileType = sourcecode.swift; path = "UIView + Extensions.swift"; sourceTree = "<group>"; };
		899AAE092908039A0081EC29 /* SearchViewController.swift */ = {isa = PBXFileReference; lastKnownFileType = sourcecode.swift; path = SearchViewController.swift; sourceTree = "<group>"; };
		899AAE0B2908041C0081EC29 /* FavoriteViewController.swift */ = {isa = PBXFileReference; lastKnownFileType = sourcecode.swift; path = FavoriteViewController.swift; sourceTree = "<group>"; };
		899AAE112908069D0081EC29 /* SearchViewModel.swift */ = {isa = PBXFileReference; lastKnownFileType = sourcecode.swift; path = SearchViewModel.swift; sourceTree = "<group>"; };
		899AAE13290806A40081EC29 /* FavoriteViewModel.swift */ = {isa = PBXFileReference; lastKnownFileType = sourcecode.swift; path = FavoriteViewModel.swift; sourceTree = "<group>"; };
		899AAE15290808060081EC29 /* ImageryTabBarCoordinator.swift */ = {isa = PBXFileReference; lastKnownFileType = sourcecode.swift; path = ImageryTabBarCoordinator.swift; sourceTree = "<group>"; };
		899B6D1C2902B441008DCB6F /* UIImageView + Extensions.swift */ = {isa = PBXFileReference; lastKnownFileType = sourcecode.swift; path = "UIImageView + Extensions.swift"; sourceTree = "<group>"; };
		899B6D1E2902B5D6008DCB6F /* UILabel + Extensions.swift */ = {isa = PBXFileReference; lastKnownFileType = sourcecode.swift; path = "UILabel + Extensions.swift"; sourceTree = "<group>"; };
		899B6D212902B5F2008DCB6F /* UIFont + Extensions.swift */ = {isa = PBXFileReference; lastKnownFileType = sourcecode.swift; path = "UIFont + Extensions.swift"; sourceTree = "<group>"; };
		899B6D232902B60D008DCB6F /* UIColor + Extensions.swift */ = {isa = PBXFileReference; lastKnownFileType = sourcecode.swift; path = "UIColor + Extensions.swift"; sourceTree = "<group>"; };
		899B6D252902B6C9008DCB6F /* UIButton + Extensions.swift */ = {isa = PBXFileReference; lastKnownFileType = sourcecode.swift; path = "UIButton + Extensions.swift"; sourceTree = "<group>"; };
		899B6D272902B746008DCB6F /* UIStackView + Extensions.swift */ = {isa = PBXFileReference; lastKnownFileType = sourcecode.swift; path = "UIStackView + Extensions.swift"; sourceTree = "<group>"; };
		89AA2E46290C769600BEE9C9 /* PinterestLayoutDelegate.swift */ = {isa = PBXFileReference; lastKnownFileType = sourcecode.swift; path = PinterestLayoutDelegate.swift; sourceTree = "<group>"; };
		89AA2E48290C76F000BEE9C9 /* PinterestLayout.swift */ = {isa = PBXFileReference; lastKnownFileType = sourcecode.swift; path = PinterestLayout.swift; sourceTree = "<group>"; };
		89AE484D290AB52200665296 /* ImageInfo.swift */ = {isa = PBXFileReference; lastKnownFileType = sourcecode.swift; path = ImageInfo.swift; sourceTree = "<group>"; };
		89AE484F290AB53000665296 /* Result.swift */ = {isa = PBXFileReference; lastKnownFileType = sourcecode.swift; path = Result.swift; sourceTree = "<group>"; };
		89AE4851290AB54400665296 /* Urls.swift */ = {isa = PBXFileReference; lastKnownFileType = sourcecode.swift; path = Urls.swift; sourceTree = "<group>"; };
		89C7A4D22902ACE500D4C87E /* Imagery.app */ = {isa = PBXFileReference; explicitFileType = wrapper.application; includeInIndex = 0; path = Imagery.app; sourceTree = BUILT_PRODUCTS_DIR; };
		89C7A4D52902ACE500D4C87E /* AppDelegate.swift */ = {isa = PBXFileReference; lastKnownFileType = sourcecode.swift; path = AppDelegate.swift; sourceTree = "<group>"; };
		89C7A4D92902ACE500D4C87E /* WelcomeViewController.swift */ = {isa = PBXFileReference; lastKnownFileType = sourcecode.swift; path = WelcomeViewController.swift; sourceTree = "<group>"; };
		89C7A4DE2902ACE600D4C87E /* Assets.xcassets */ = {isa = PBXFileReference; lastKnownFileType = folder.assetcatalog; path = Assets.xcassets; sourceTree = "<group>"; };
		89C7A4E12902ACE600D4C87E /* Base */ = {isa = PBXFileReference; lastKnownFileType = file.storyboard; name = Base; path = Base.lproj/LaunchScreen.storyboard; sourceTree = "<group>"; };
		89C7A4E32902ACE600D4C87E /* Info.plist */ = {isa = PBXFileReference; lastKnownFileType = text.plist.xml; path = Info.plist; sourceTree = "<group>"; };
		89C7A4E82902ACE600D4C87E /* ImageryTests.xctest */ = {isa = PBXFileReference; explicitFileType = wrapper.cfbundle; includeInIndex = 0; path = ImageryTests.xctest; sourceTree = BUILT_PRODUCTS_DIR; };
		89C7A4EC2902ACE600D4C87E /* ImageryTests.swift */ = {isa = PBXFileReference; lastKnownFileType = sourcecode.swift; path = ImageryTests.swift; sourceTree = "<group>"; };
		89C7A4F22902ACE600D4C87E /* ImageryUITests.xctest */ = {isa = PBXFileReference; explicitFileType = wrapper.cfbundle; includeInIndex = 0; path = ImageryUITests.xctest; sourceTree = BUILT_PRODUCTS_DIR; };
		89C7A4F62902ACE600D4C87E /* ImageryUITests.swift */ = {isa = PBXFileReference; lastKnownFileType = sourcecode.swift; path = ImageryUITests.swift; sourceTree = "<group>"; };
		89C7A4F82902ACE600D4C87E /* ImageryUITestsLaunchTests.swift */ = {isa = PBXFileReference; lastKnownFileType = sourcecode.swift; path = ImageryUITestsLaunchTests.swift; sourceTree = "<group>"; };
		89C7A5092902ADC600D4C87E /* Coordinator.swift */ = {isa = PBXFileReference; lastKnownFileType = sourcecode.swift; path = Coordinator.swift; sourceTree = "<group>"; };
		89C7A50B2902ADEA00D4C87E /* AppCoordinator.swift */ = {isa = PBXFileReference; lastKnownFileType = sourcecode.swift; path = AppCoordinator.swift; sourceTree = "<group>"; };
		89C7A50D2902AE0600D4C87E /* WelcomeCoordinator.swift */ = {isa = PBXFileReference; lastKnownFileType = sourcecode.swift; path = WelcomeCoordinator.swift; sourceTree = "<group>"; };
		89C7A5102902AE2F00D4C87E /* WelcomeViewModel.swift */ = {isa = PBXFileReference; lastKnownFileType = sourcecode.swift; path = WelcomeViewModel.swift; sourceTree = "<group>"; };
		89D01912290D28DB00ACB383 /* Constants.swift */ = {isa = PBXFileReference; lastKnownFileType = sourcecode.swift; path = Constants.swift; sourceTree = "<group>"; };
		F5BFF32AD7CDB870A642829A /* Pods_Imagery.framework */ = {isa = PBXFileReference; explicitFileType = wrapper.framework; includeInIndex = 0; path = Pods_Imagery.framework; sourceTree = BUILT_PRODUCTS_DIR; };
/* End PBXFileReference section */

/* Begin PBXFrameworksBuildPhase section */
		89C7A4CF2902ACE500D4C87E /* Frameworks */ = {
			isa = PBXFrameworksBuildPhase;
			buildActionMask = 2147483647;
			files = (
				8DE465057C39CE67EE359A25 /* Pods_Imagery.framework in Frameworks */,
			);
			runOnlyForDeploymentPostprocessing = 0;
		};
		89C7A4E52902ACE600D4C87E /* Frameworks */ = {
			isa = PBXFrameworksBuildPhase;
			buildActionMask = 2147483647;
			files = (
			);
			runOnlyForDeploymentPostprocessing = 0;
		};
		89C7A4EF2902ACE600D4C87E /* Frameworks */ = {
			isa = PBXFrameworksBuildPhase;
			buildActionMask = 2147483647;
			files = (
			);
			runOnlyForDeploymentPostprocessing = 0;
		};
/* End PBXFrameworksBuildPhase section */

/* Begin PBXGroup section */
		8159E430A89E24327AFA3C41 /* Frameworks */ = {
			isa = PBXGroup;
			children = (
				F5BFF32AD7CDB870A642829A /* Pods_Imagery.framework */,
			);
			name = Frameworks;
			sourceTree = "<group>";
		};
		8913F626290961C000ECC5E9 /* Cells */ = {
			isa = PBXGroup;
			children = (
				8913F627290961C900ECC5E9 /* CollectionViewCell.swift */,
			);
			path = Cells;
			sourceTree = "<group>";
		};
		892D9DA9290868D2006E3A59 /* Enums */ = {
			isa = PBXGroup;
			children = (
				892D9DAA290868E3006E3A59 /* TabBarPage.swift */,
			);
			path = Enums;
			sourceTree = "<group>";
		};
		8973E34329097133008664C5 /* Models */ = {
			isa = PBXGroup;
			children = (
				89AE484C290AB50600665296 /* DecodableModels */,
			);
			path = Models;
			sourceTree = "<group>";
		};
		8973E3482909A67C008664C5 /* Helpers */ = {
			isa = PBXGroup;
			children = (
				8973E3492909A68F008664C5 /* Environment.swift */,
				89D01912290D28DB00ACB383 /* Constants.swift */,
			);
			path = Helpers;
			sourceTree = "<group>";
		};
		899973F22902C9DD008C5814 /* Services */ = {
			isa = PBXGroup;
			children = (
				892D9DB029086E6F006E3A59 /* AuthService.swift */,
				8973E341290970D0008664C5 /* NetworkService.swift */,
				8913F6242909608300ECC5E9 /* CollectionViewManager.swift */,
			);
			path = Services;
			sourceTree = "<group>";
		};
		899B6D1B2902B429008DCB6F /* Extensions */ = {
			isa = PBXGroup;
			children = (
				895CD487290315AA00E1933C /* AuthTextField.swift */,
				89AA2E48290C76F000BEE9C9 /* PinterestLayout.swift */,
				899B6D202902B5DD008DCB6F /* UIKit */,
			);
			path = Extensions;
			sourceTree = "<group>";
		};
		899B6D202902B5DD008DCB6F /* UIKit */ = {
			isa = PBXGroup;
			children = (
				899B6D1E2902B5D6008DCB6F /* UILabel + Extensions.swift */,
				899B6D1C2902B441008DCB6F /* UIImageView + Extensions.swift */,
				899B6D212902B5F2008DCB6F /* UIFont + Extensions.swift */,
				899B6D232902B60D008DCB6F /* UIColor + Extensions.swift */,
				899B6D252902B6C9008DCB6F /* UIButton + Extensions.swift */,
				899B6D272902B746008DCB6F /* UIStackView + Extensions.swift */,
				897143862906FEF200704741 /* UIViewController + Extensions.swift */,
				897143882906FFC300704741 /* String + Extensions.swift */,
				897AD7A329129B3E00729B07 /* UIView + Extensions.swift */,
			);
			path = UIKit;
			sourceTree = "<group>";
		};
		89AE484C290AB50600665296 /* DecodableModels */ = {
			isa = PBXGroup;
			children = (
				89AE484D290AB52200665296 /* ImageInfo.swift */,
				89AE484F290AB53000665296 /* Result.swift */,
				89AE4851290AB54400665296 /* Urls.swift */,
			);
			path = DecodableModels;
			sourceTree = "<group>";
		};
		89C7A4C92902ACE500D4C87E = {
			isa = PBXGroup;
			children = (
				892D9E31290BDFCB004829A1 /* Config.xcconfig */,
				89C7A4D42902ACE500D4C87E /* Imagery */,
				89C7A4EB2902ACE600D4C87E /* ImageryTests */,
				89C7A4F52902ACE600D4C87E /* ImageryUITests */,
				89C7A4D32902ACE500D4C87E /* Products */,
				AC7EE7ED7D17D87536D2283B /* Pods */,
				8159E430A89E24327AFA3C41 /* Frameworks */,
			);
			sourceTree = "<group>";
		};
		89C7A4D32902ACE500D4C87E /* Products */ = {
			isa = PBXGroup;
			children = (
				89C7A4D22902ACE500D4C87E /* Imagery.app */,
				89C7A4E82902ACE600D4C87E /* ImageryTests.xctest */,
				89C7A4F22902ACE600D4C87E /* ImageryUITests.xctest */,
			);
			name = Products;
			sourceTree = "<group>";
		};
		89C7A4D42902ACE500D4C87E /* Imagery */ = {
			isa = PBXGroup;
			children = (
				89C7A5062902AD5B00D4C87E /* ViewControllers */,
				89C7A5072902AD7A00D4C87E /* Coordinators */,
				89C7A50F2902AE2200D4C87E /* ViewModels */,
				899973F22902C9DD008C5814 /* Services */,
				89C7A5082902AD8600D4C87E /* Protocols */,
				8973E34329097133008664C5 /* Models */,
				892D9DA9290868D2006E3A59 /* Enums */,
				899B6D1B2902B429008DCB6F /* Extensions */,
				8973E3482909A67C008664C5 /* Helpers */,
				89C7A5052902AD0A00D4C87E /* Resources */,
			);
			path = Imagery;
			sourceTree = "<group>";
		};
		89C7A4EB2902ACE600D4C87E /* ImageryTests */ = {
			isa = PBXGroup;
			children = (
				89C7A4EC2902ACE600D4C87E /* ImageryTests.swift */,
			);
			path = ImageryTests;
			sourceTree = "<group>";
		};
		89C7A4F52902ACE600D4C87E /* ImageryUITests */ = {
			isa = PBXGroup;
			children = (
				89C7A4F62902ACE600D4C87E /* ImageryUITests.swift */,
				89C7A4F82902ACE600D4C87E /* ImageryUITestsLaunchTests.swift */,
			);
			path = ImageryUITests;
			sourceTree = "<group>";
		};
		89C7A5052902AD0A00D4C87E /* Resources */ = {
			isa = PBXGroup;
			children = (
				89C7A4D52902ACE500D4C87E /* AppDelegate.swift */,
				89C7A4DE2902ACE600D4C87E /* Assets.xcassets */,
				89C7A4E02902ACE600D4C87E /* LaunchScreen.storyboard */,
				89C7A4E32902ACE600D4C87E /* Info.plist */,
				890746372906C0AB0020E2F6 /* GoogleService-Info.plist */,
			);
			path = Resources;
			sourceTree = "<group>";
		};
		89C7A5062902AD5B00D4C87E /* ViewControllers */ = {
			isa = PBXGroup;
			children = (
				8913F626290961C000ECC5E9 /* Cells */,
				89C7A4D92902ACE500D4C87E /* WelcomeViewController.swift */,
				895CD4812903110400E1933C /* AuthViewController.swift */,
				8907462F2906B7D80020E2F6 /* SignUpViewController.swift */,
				899AAE0B2908041C0081EC29 /* FavoriteViewController.swift */,
				899AAE092908039A0081EC29 /* SearchViewController.swift */,
				89336538290FFD2B00088A15 /* DetailViewController.swift */,
			);
			path = ViewControllers;
			sourceTree = "<group>";
		};
		89C7A5072902AD7A00D4C87E /* Coordinators */ = {
			isa = PBXGroup;
			children = (
				89C7A50B2902ADEA00D4C87E /* AppCoordinator.swift */,
				895CD4832903112600E1933C /* AuthCoordinator.swift */,
				890746312906B7E40020E2F6 /* SignUpCoordinator.swift */,
				89C7A50D2902AE0600D4C87E /* WelcomeCoordinator.swift */,
				894445722910317200903200 /* SearchCoordinator.swift */,
				8944457429103A0300903200 /* FavoriteCoordinator.swift */,
				8944456E2910303100903200 /* DetailCoordinator.swift */,
				899AAE15290808060081EC29 /* ImageryTabBarCoordinator.swift */,
			);
			path = Coordinators;
			sourceTree = "<group>";
		};
		89C7A5082902AD8600D4C87E /* Protocols */ = {
			isa = PBXGroup;
			children = (
				89C7A5092902ADC600D4C87E /* Coordinator.swift */,
				8913F62229095E4F00ECC5E9 /* AuthServiceProtocol.swift */,
				892D9DAC29086C25006E3A59 /* AlertViewModelDelegate.swift */,
				89AA2E46290C769600BEE9C9 /* PinterestLayoutDelegate.swift */,
			);
			path = Protocols;
			sourceTree = "<group>";
		};
		89C7A50F2902AE2200D4C87E /* ViewModels */ = {
			isa = PBXGroup;
			children = (
				89C7A5102902AE2F00D4C87E /* WelcomeViewModel.swift */,
				895CD4852903113200E1933C /* AuthViewModel.swift */,
				890746332906B7FB0020E2F6 /* SignUpViewModel.swift */,
				899AAE112908069D0081EC29 /* SearchViewModel.swift */,
				89444570291030E300903200 /* DetailViewModel.swift */,
				899AAE13290806A40081EC29 /* FavoriteViewModel.swift */,
				8973021A290C5D8A005C1B13 /* CollectionViewCellViewModel.swift */,
			);
			path = ViewModels;
			sourceTree = "<group>";
		};
		AC7EE7ED7D17D87536D2283B /* Pods */ = {
			isa = PBXGroup;
			children = (
				1680039B273A1CD3B9A3D47A /* Pods-Imagery.debug.xcconfig */,
				1CC2E156C2FD62B8C9988568 /* Pods-Imagery.release.xcconfig */,
			);
			path = Pods;
			sourceTree = "<group>";
		};
/* End PBXGroup section */

/* Begin PBXNativeTarget section */
		89C7A4D12902ACE500D4C87E /* Imagery */ = {
			isa = PBXNativeTarget;
			buildConfigurationList = 89C7A4FC2902ACE600D4C87E /* Build configuration list for PBXNativeTarget "Imagery" */;
			buildPhases = (
				2EAE5C7A510FF5085A8F4C95 /* [CP] Check Pods Manifest.lock */,
				89C7A4CE2902ACE500D4C87E /* Sources */,
				89C7A4CF2902ACE500D4C87E /* Frameworks */,
				89C7A4D02902ACE500D4C87E /* Resources */,
				AB3ADB810B4BA3F2FDF0C2D1 /* [CP] Embed Pods Frameworks */,
			);
			buildRules = (
			);
			dependencies = (
			);
			name = Imagery;
			productName = Imagery;
			productReference = 89C7A4D22902ACE500D4C87E /* Imagery.app */;
			productType = "com.apple.product-type.application";
		};
		89C7A4E72902ACE600D4C87E /* ImageryTests */ = {
			isa = PBXNativeTarget;
			buildConfigurationList = 89C7A4FF2902ACE600D4C87E /* Build configuration list for PBXNativeTarget "ImageryTests" */;
			buildPhases = (
				89C7A4E42902ACE600D4C87E /* Sources */,
				89C7A4E52902ACE600D4C87E /* Frameworks */,
				89C7A4E62902ACE600D4C87E /* Resources */,
			);
			buildRules = (
			);
			dependencies = (
				89C7A4EA2902ACE600D4C87E /* PBXTargetDependency */,
			);
			name = ImageryTests;
			productName = ImageryTests;
			productReference = 89C7A4E82902ACE600D4C87E /* ImageryTests.xctest */;
			productType = "com.apple.product-type.bundle.unit-test";
		};
		89C7A4F12902ACE600D4C87E /* ImageryUITests */ = {
			isa = PBXNativeTarget;
			buildConfigurationList = 89C7A5022902ACE600D4C87E /* Build configuration list for PBXNativeTarget "ImageryUITests" */;
			buildPhases = (
				89C7A4EE2902ACE600D4C87E /* Sources */,
				89C7A4EF2902ACE600D4C87E /* Frameworks */,
				89C7A4F02902ACE600D4C87E /* Resources */,
			);
			buildRules = (
			);
			dependencies = (
				89C7A4F42902ACE600D4C87E /* PBXTargetDependency */,
			);
			name = ImageryUITests;
			productName = ImageryUITests;
			productReference = 89C7A4F22902ACE600D4C87E /* ImageryUITests.xctest */;
			productType = "com.apple.product-type.bundle.ui-testing";
		};
/* End PBXNativeTarget section */

/* Begin PBXProject section */
		89C7A4CA2902ACE500D4C87E /* Project object */ = {
			isa = PBXProject;
			attributes = {
				BuildIndependentTargetsInParallel = 1;
				LastSwiftUpdateCheck = 1300;
				LastUpgradeCheck = 1300;
				TargetAttributes = {
					89C7A4D12902ACE500D4C87E = {
						CreatedOnToolsVersion = 13.0;
					};
					89C7A4E72902ACE600D4C87E = {
						CreatedOnToolsVersion = 13.0;
						TestTargetID = 89C7A4D12902ACE500D4C87E;
					};
					89C7A4F12902ACE600D4C87E = {
						CreatedOnToolsVersion = 13.0;
						TestTargetID = 89C7A4D12902ACE500D4C87E;
					};
				};
			};
			buildConfigurationList = 89C7A4CD2902ACE500D4C87E /* Build configuration list for PBXProject "Imagery" */;
			compatibilityVersion = "Xcode 13.0";
			developmentRegion = en;
			hasScannedForEncodings = 0;
			knownRegions = (
				en,
				Base,
			);
			mainGroup = 89C7A4C92902ACE500D4C87E;
			productRefGroup = 89C7A4D32902ACE500D4C87E /* Products */;
			projectDirPath = "";
			projectRoot = "";
			targets = (
				89C7A4D12902ACE500D4C87E /* Imagery */,
				89C7A4E72902ACE600D4C87E /* ImageryTests */,
				89C7A4F12902ACE600D4C87E /* ImageryUITests */,
			);
		};
/* End PBXProject section */

/* Begin PBXResourcesBuildPhase section */
		89C7A4D02902ACE500D4C87E /* Resources */ = {
			isa = PBXResourcesBuildPhase;
			buildActionMask = 2147483647;
			files = (
				89C7A4E22902ACE600D4C87E /* LaunchScreen.storyboard in Resources */,
				89C7A4DF2902ACE600D4C87E /* Assets.xcassets in Resources */,
				890746382906C0AB0020E2F6 /* GoogleService-Info.plist in Resources */,
			);
			runOnlyForDeploymentPostprocessing = 0;
		};
		89C7A4E62902ACE600D4C87E /* Resources */ = {
			isa = PBXResourcesBuildPhase;
			buildActionMask = 2147483647;
			files = (
			);
			runOnlyForDeploymentPostprocessing = 0;
		};
		89C7A4F02902ACE600D4C87E /* Resources */ = {
			isa = PBXResourcesBuildPhase;
			buildActionMask = 2147483647;
			files = (
			);
			runOnlyForDeploymentPostprocessing = 0;
		};
/* End PBXResourcesBuildPhase section */

/* Begin PBXShellScriptBuildPhase section */
		2EAE5C7A510FF5085A8F4C95 /* [CP] Check Pods Manifest.lock */ = {
			isa = PBXShellScriptBuildPhase;
			buildActionMask = 2147483647;
			files = (
			);
			inputFileListPaths = (
			);
			inputPaths = (
				"${PODS_PODFILE_DIR_PATH}/Podfile.lock",
				"${PODS_ROOT}/Manifest.lock",
			);
			name = "[CP] Check Pods Manifest.lock";
			outputFileListPaths = (
			);
			outputPaths = (
				"$(DERIVED_FILE_DIR)/Pods-Imagery-checkManifestLockResult.txt",
			);
			runOnlyForDeploymentPostprocessing = 0;
			shellPath = /bin/sh;
			shellScript = "diff \"${PODS_PODFILE_DIR_PATH}/Podfile.lock\" \"${PODS_ROOT}/Manifest.lock\" > /dev/null\nif [ $? != 0 ] ; then\n    # print error to STDERR\n    echo \"error: The sandbox is not in sync with the Podfile.lock. Run 'pod install' or update your CocoaPods installation.\" >&2\n    exit 1\nfi\n# This output is used by Xcode 'outputs' to avoid re-running this script phase.\necho \"SUCCESS\" > \"${SCRIPT_OUTPUT_FILE_0}\"\n";
			showEnvVarsInLog = 0;
		};
		AB3ADB810B4BA3F2FDF0C2D1 /* [CP] Embed Pods Frameworks */ = {
			isa = PBXShellScriptBuildPhase;
			buildActionMask = 2147483647;
			files = (
			);
			inputFileListPaths = (
				"${PODS_ROOT}/Target Support Files/Pods-Imagery/Pods-Imagery-frameworks-${CONFIGURATION}-input-files.xcfilelist",
			);
			name = "[CP] Embed Pods Frameworks";
			outputFileListPaths = (
				"${PODS_ROOT}/Target Support Files/Pods-Imagery/Pods-Imagery-frameworks-${CONFIGURATION}-output-files.xcfilelist",
			);
			runOnlyForDeploymentPostprocessing = 0;
			shellPath = /bin/sh;
			shellScript = "\"${PODS_ROOT}/Target Support Files/Pods-Imagery/Pods-Imagery-frameworks.sh\"\n";
			showEnvVarsInLog = 0;
		};
/* End PBXShellScriptBuildPhase section */

/* Begin PBXSourcesBuildPhase section */
		89C7A4CE2902ACE500D4C87E /* Sources */ = {
			isa = PBXSourcesBuildPhase;
			buildActionMask = 2147483647;
			files = (
				899B6D262902B6C9008DCB6F /* UIButton + Extensions.swift in Sources */,
				899B6D222902B5F2008DCB6F /* UIFont + Extensions.swift in Sources */,
				892D9DAD29086C25006E3A59 /* AlertViewModelDelegate.swift in Sources */,
				899B6D242902B60D008DCB6F /* UIColor + Extensions.swift in Sources */,
				89C7A50E2902AE0600D4C87E /* WelcomeCoordinator.swift in Sources */,
				89AE4852290AB54400665296 /* Urls.swift in Sources */,
				895CD4842903112600E1933C /* AuthCoordinator.swift in Sources */,
				890746342906B7FB0020E2F6 /* SignUpViewModel.swift in Sources */,
				899AAE14290806A40081EC29 /* FavoriteViewModel.swift in Sources */,
				8973021B290C5D8A005C1B13 /* CollectionViewCellViewModel.swift in Sources */,
				89AE4850290AB53000665296 /* Result.swift in Sources */,
				8944456F2910303100903200 /* DetailCoordinator.swift in Sources */,
				890746302906B7D80020E2F6 /* SignUpViewController.swift in Sources */,
				895CD4862903113200E1933C /* AuthViewModel.swift in Sources */,
				89C7A50C2902ADEA00D4C87E /* AppCoordinator.swift in Sources */,
				892D9DB129086E6F006E3A59 /* AuthService.swift in Sources */,
				890746322906B7E40020E2F6 /* SignUpCoordinator.swift in Sources */,
				8913F62329095E4F00ECC5E9 /* AuthServiceProtocol.swift in Sources */,
				897143872906FEF200704741 /* UIViewController + Extensions.swift in Sources */,
				89AA2E47290C769600BEE9C9 /* PinterestLayoutDelegate.swift in Sources */,
				89C7A5112902AE2F00D4C87E /* WelcomeViewModel.swift in Sources */,
				89AA2E49290C76F000BEE9C9 /* PinterestLayout.swift in Sources */,
				892D9DAB290868E3006E3A59 /* TabBarPage.swift in Sources */,
				899AAE0A2908039A0081EC29 /* SearchViewController.swift in Sources */,
				89C7A4DA2902ACE500D4C87E /* WelcomeViewController.swift in Sources */,
				89D01913290D28DB00ACB383 /* Constants.swift in Sources */,
				897143892906FFC300704741 /* String + Extensions.swift in Sources */,
				89AE484E290AB52200665296 /* ImageInfo.swift in Sources */,
				89336539290FFD2B00088A15 /* DetailViewController.swift in Sources */,
				895CD488290315AA00E1933C /* AuthTextField.swift in Sources */,
				899B6D282902B746008DCB6F /* UIStackView + Extensions.swift in Sources */,
				894445732910317200903200 /* SearchCoordinator.swift in Sources */,
				89444571291030E300903200 /* DetailViewModel.swift in Sources */,
				8973E342290970D0008664C5 /* NetworkService.swift in Sources */,
				895CD4822903110400E1933C /* AuthViewController.swift in Sources */,
				899B6D1D2902B441008DCB6F /* UIImageView + Extensions.swift in Sources */,
				8913F6252909608300ECC5E9 /* CollectionViewManager.swift in Sources */,
				89C7A4D62902ACE500D4C87E /* AppDelegate.swift in Sources */,
				8913F628290961C900ECC5E9 /* CollectionViewCell.swift in Sources */,
				899B6D1F2902B5D6008DCB6F /* UILabel + Extensions.swift in Sources */,
				8944457529103A0300903200 /* FavoriteCoordinator.swift in Sources */,
				899AAE16290808070081EC29 /* ImageryTabBarCoordinator.swift in Sources */,
				899AAE122908069D0081EC29 /* SearchViewModel.swift in Sources */,
				899AAE0C2908041C0081EC29 /* FavoriteViewController.swift in Sources */,
				89C7A50A2902ADC600D4C87E /* Coordinator.swift in Sources */,
				897AD7A429129B3E00729B07 /* UIView + Extensions.swift in Sources */,
				8973E34A2909A68F008664C5 /* Environment.swift in Sources */,
			);
			runOnlyForDeploymentPostprocessing = 0;
		};
		89C7A4E42902ACE600D4C87E /* Sources */ = {
			isa = PBXSourcesBuildPhase;
			buildActionMask = 2147483647;
			files = (
				89C7A4ED2902ACE600D4C87E /* ImageryTests.swift in Sources */,
			);
			runOnlyForDeploymentPostprocessing = 0;
		};
		89C7A4EE2902ACE600D4C87E /* Sources */ = {
			isa = PBXSourcesBuildPhase;
			buildActionMask = 2147483647;
			files = (
				89C7A4F72902ACE600D4C87E /* ImageryUITests.swift in Sources */,
				89C7A4F92902ACE600D4C87E /* ImageryUITestsLaunchTests.swift in Sources */,
			);
			runOnlyForDeploymentPostprocessing = 0;
		};
/* End PBXSourcesBuildPhase section */

/* Begin PBXTargetDependency section */
		89C7A4EA2902ACE600D4C87E /* PBXTargetDependency */ = {
			isa = PBXTargetDependency;
			target = 89C7A4D12902ACE500D4C87E /* Imagery */;
			targetProxy = 89C7A4E92902ACE600D4C87E /* PBXContainerItemProxy */;
		};
		89C7A4F42902ACE600D4C87E /* PBXTargetDependency */ = {
			isa = PBXTargetDependency;
			target = 89C7A4D12902ACE500D4C87E /* Imagery */;
			targetProxy = 89C7A4F32902ACE600D4C87E /* PBXContainerItemProxy */;
		};
/* End PBXTargetDependency section */

/* Begin PBXVariantGroup section */
		89C7A4E02902ACE600D4C87E /* LaunchScreen.storyboard */ = {
			isa = PBXVariantGroup;
			children = (
				89C7A4E12902ACE600D4C87E /* Base */,
			);
			name = LaunchScreen.storyboard;
			sourceTree = "<group>";
		};
/* End PBXVariantGroup section */

/* Begin XCBuildConfiguration section */
		89C7A4FA2902ACE600D4C87E /* Debug */ = {
			isa = XCBuildConfiguration;
			baseConfigurationReference = 892D9E31290BDFCB004829A1 /* Config.xcconfig */;
			buildSettings = {
				ALWAYS_SEARCH_USER_PATHS = NO;
				CLANG_ANALYZER_NONNULL = YES;
				CLANG_ANALYZER_NUMBER_OBJECT_CONVERSION = YES_AGGRESSIVE;
				CLANG_CXX_LANGUAGE_STANDARD = "gnu++17";
				CLANG_CXX_LIBRARY = "libc++";
				CLANG_ENABLE_MODULES = YES;
				CLANG_ENABLE_OBJC_ARC = YES;
				CLANG_ENABLE_OBJC_WEAK = YES;
				CLANG_WARN_BLOCK_CAPTURE_AUTORELEASING = YES;
				CLANG_WARN_BOOL_CONVERSION = YES;
				CLANG_WARN_COMMA = YES;
				CLANG_WARN_CONSTANT_CONVERSION = YES;
				CLANG_WARN_DEPRECATED_OBJC_IMPLEMENTATIONS = YES;
				CLANG_WARN_DIRECT_OBJC_ISA_USAGE = YES_ERROR;
				CLANG_WARN_DOCUMENTATION_COMMENTS = YES;
				CLANG_WARN_EMPTY_BODY = YES;
				CLANG_WARN_ENUM_CONVERSION = YES;
				CLANG_WARN_INFINITE_RECURSION = YES;
				CLANG_WARN_INT_CONVERSION = YES;
				CLANG_WARN_NON_LITERAL_NULL_CONVERSION = YES;
				CLANG_WARN_OBJC_IMPLICIT_RETAIN_SELF = YES;
				CLANG_WARN_OBJC_LITERAL_CONVERSION = YES;
				CLANG_WARN_OBJC_ROOT_CLASS = YES_ERROR;
				CLANG_WARN_QUOTED_INCLUDE_IN_FRAMEWORK_HEADER = YES;
				CLANG_WARN_RANGE_LOOP_ANALYSIS = YES;
				CLANG_WARN_STRICT_PROTOTYPES = YES;
				CLANG_WARN_SUSPICIOUS_MOVE = YES;
				CLANG_WARN_UNGUARDED_AVAILABILITY = YES_AGGRESSIVE;
				CLANG_WARN_UNREACHABLE_CODE = YES;
				CLANG_WARN__DUPLICATE_METHOD_MATCH = YES;
				COPY_PHASE_STRIP = NO;
				DEBUG_INFORMATION_FORMAT = dwarf;
				ENABLE_STRICT_OBJC_MSGSEND = YES;
				ENABLE_TESTABILITY = YES;
				GCC_C_LANGUAGE_STANDARD = gnu11;
				GCC_DYNAMIC_NO_PIC = NO;
				GCC_NO_COMMON_BLOCKS = YES;
				GCC_OPTIMIZATION_LEVEL = 0;
				GCC_PREPROCESSOR_DEFINITIONS = (
					"DEBUG=1",
					"$(inherited)",
				);
				GCC_WARN_64_TO_32_BIT_CONVERSION = YES;
				GCC_WARN_ABOUT_RETURN_TYPE = YES_ERROR;
				GCC_WARN_UNDECLARED_SELECTOR = YES;
				GCC_WARN_UNINITIALIZED_AUTOS = YES_AGGRESSIVE;
				GCC_WARN_UNUSED_FUNCTION = YES;
				GCC_WARN_UNUSED_VARIABLE = YES;
				IPHONEOS_DEPLOYMENT_TARGET = 15.0;
				MTL_ENABLE_DEBUG_INFO = INCLUDE_SOURCE;
				MTL_FAST_MATH = YES;
				ONLY_ACTIVE_ARCH = YES;
				SDKROOT = iphoneos;
				SWIFT_ACTIVE_COMPILATION_CONDITIONS = DEBUG;
				SWIFT_OPTIMIZATION_LEVEL = "-Onone";
			};
			name = Debug;
		};
		89C7A4FB2902ACE600D4C87E /* Release */ = {
			isa = XCBuildConfiguration;
			baseConfigurationReference = 892D9E31290BDFCB004829A1 /* Config.xcconfig */;
			buildSettings = {
				ALWAYS_SEARCH_USER_PATHS = NO;
				CLANG_ANALYZER_NONNULL = YES;
				CLANG_ANALYZER_NUMBER_OBJECT_CONVERSION = YES_AGGRESSIVE;
				CLANG_CXX_LANGUAGE_STANDARD = "gnu++17";
				CLANG_CXX_LIBRARY = "libc++";
				CLANG_ENABLE_MODULES = YES;
				CLANG_ENABLE_OBJC_ARC = YES;
				CLANG_ENABLE_OBJC_WEAK = YES;
				CLANG_WARN_BLOCK_CAPTURE_AUTORELEASING = YES;
				CLANG_WARN_BOOL_CONVERSION = YES;
				CLANG_WARN_COMMA = YES;
				CLANG_WARN_CONSTANT_CONVERSION = YES;
				CLANG_WARN_DEPRECATED_OBJC_IMPLEMENTATIONS = YES;
				CLANG_WARN_DIRECT_OBJC_ISA_USAGE = YES_ERROR;
				CLANG_WARN_DOCUMENTATION_COMMENTS = YES;
				CLANG_WARN_EMPTY_BODY = YES;
				CLANG_WARN_ENUM_CONVERSION = YES;
				CLANG_WARN_INFINITE_RECURSION = YES;
				CLANG_WARN_INT_CONVERSION = YES;
				CLANG_WARN_NON_LITERAL_NULL_CONVERSION = YES;
				CLANG_WARN_OBJC_IMPLICIT_RETAIN_SELF = YES;
				CLANG_WARN_OBJC_LITERAL_CONVERSION = YES;
				CLANG_WARN_OBJC_ROOT_CLASS = YES_ERROR;
				CLANG_WARN_QUOTED_INCLUDE_IN_FRAMEWORK_HEADER = YES;
				CLANG_WARN_RANGE_LOOP_ANALYSIS = YES;
				CLANG_WARN_STRICT_PROTOTYPES = YES;
				CLANG_WARN_SUSPICIOUS_MOVE = YES;
				CLANG_WARN_UNGUARDED_AVAILABILITY = YES_AGGRESSIVE;
				CLANG_WARN_UNREACHABLE_CODE = YES;
				CLANG_WARN__DUPLICATE_METHOD_MATCH = YES;
				COPY_PHASE_STRIP = NO;
				DEBUG_INFORMATION_FORMAT = "dwarf-with-dsym";
				ENABLE_NS_ASSERTIONS = NO;
				ENABLE_STRICT_OBJC_MSGSEND = YES;
				GCC_C_LANGUAGE_STANDARD = gnu11;
				GCC_NO_COMMON_BLOCKS = YES;
				GCC_WARN_64_TO_32_BIT_CONVERSION = YES;
				GCC_WARN_ABOUT_RETURN_TYPE = YES_ERROR;
				GCC_WARN_UNDECLARED_SELECTOR = YES;
				GCC_WARN_UNINITIALIZED_AUTOS = YES_AGGRESSIVE;
				GCC_WARN_UNUSED_FUNCTION = YES;
				GCC_WARN_UNUSED_VARIABLE = YES;
				IPHONEOS_DEPLOYMENT_TARGET = 15.0;
				MTL_ENABLE_DEBUG_INFO = NO;
				MTL_FAST_MATH = YES;
				SDKROOT = iphoneos;
				SWIFT_COMPILATION_MODE = wholemodule;
				SWIFT_OPTIMIZATION_LEVEL = "-O";
				VALIDATE_PRODUCT = YES;
			};
			name = Release;
		};
		89C7A4FD2902ACE600D4C87E /* Debug */ = {
			isa = XCBuildConfiguration;
			baseConfigurationReference = 1680039B273A1CD3B9A3D47A /* Pods-Imagery.debug.xcconfig */;
			buildSettings = {
				ASSETCATALOG_COMPILER_APPICON_NAME = AppIcon;
				ASSETCATALOG_COMPILER_GLOBAL_ACCENT_COLOR_NAME = AccentColor;
				CODE_SIGN_STYLE = Automatic;
				CURRENT_PROJECT_VERSION = 1;
				DEVELOPMENT_TEAM = F5X66F6583;
				GENERATE_INFOPLIST_FILE = YES;
				INFOPLIST_FILE = Imagery/Resources/Info.plist;
				INFOPLIST_KEY_UIApplicationSupportsIndirectInputEvents = YES;
				INFOPLIST_KEY_UILaunchStoryboardName = LaunchScreen;
				INFOPLIST_KEY_UISupportedInterfaceOrientations_iPad = "UIInterfaceOrientationPortrait UIInterfaceOrientationPortraitUpsideDown UIInterfaceOrientationLandscapeLeft UIInterfaceOrientationLandscapeRight";
				INFOPLIST_KEY_UISupportedInterfaceOrientations_iPhone = "UIInterfaceOrientationPortrait UIInterfaceOrientationLandscapeLeft UIInterfaceOrientationLandscapeRight";
				IPHONEOS_DEPLOYMENT_TARGET = 14.6;
				LD_RUNPATH_SEARCH_PATHS = (
					"$(inherited)",
					"@executable_path/Frameworks",
				);
				MARKETING_VERSION = 1.0;
				PRODUCT_BUNDLE_IDENTIFIER = sosnovsky.Imagery;
				PRODUCT_NAME = "$(TARGET_NAME)";
				SWIFT_EMIT_LOC_STRINGS = YES;
				SWIFT_VERSION = 5.0;
				TARGETED_DEVICE_FAMILY = 1;
			};
			name = Debug;
		};
		89C7A4FE2902ACE600D4C87E /* Release */ = {
			isa = XCBuildConfiguration;
			baseConfigurationReference = 1CC2E156C2FD62B8C9988568 /* Pods-Imagery.release.xcconfig */;
			buildSettings = {
				ASSETCATALOG_COMPILER_APPICON_NAME = AppIcon;
				ASSETCATALOG_COMPILER_GLOBAL_ACCENT_COLOR_NAME = AccentColor;
				CODE_SIGN_STYLE = Automatic;
				CURRENT_PROJECT_VERSION = 1;
				DEVELOPMENT_TEAM = F5X66F6583;
				GENERATE_INFOPLIST_FILE = YES;
				INFOPLIST_FILE = Imagery/Resources/Info.plist;
				INFOPLIST_KEY_UIApplicationSupportsIndirectInputEvents = YES;
				INFOPLIST_KEY_UILaunchStoryboardName = LaunchScreen;
				INFOPLIST_KEY_UISupportedInterfaceOrientations_iPad = "UIInterfaceOrientationPortrait UIInterfaceOrientationPortraitUpsideDown UIInterfaceOrientationLandscapeLeft UIInterfaceOrientationLandscapeRight";
				INFOPLIST_KEY_UISupportedInterfaceOrientations_iPhone = "UIInterfaceOrientationPortrait UIInterfaceOrientationLandscapeLeft UIInterfaceOrientationLandscapeRight";
				IPHONEOS_DEPLOYMENT_TARGET = 14.6;
				LD_RUNPATH_SEARCH_PATHS = (
					"$(inherited)",
					"@executable_path/Frameworks",
				);
				MARKETING_VERSION = 1.0;
				PRODUCT_BUNDLE_IDENTIFIER = sosnovsky.Imagery;
				PRODUCT_NAME = "$(TARGET_NAME)";
				SWIFT_EMIT_LOC_STRINGS = YES;
				SWIFT_VERSION = 5.0;
				TARGETED_DEVICE_FAMILY = 1;
			};
			name = Release;
		};
		89C7A5002902ACE600D4C87E /* Debug */ = {
			isa = XCBuildConfiguration;
			buildSettings = {
				ALWAYS_EMBED_SWIFT_STANDARD_LIBRARIES = YES;
				BUNDLE_LOADER = "$(TEST_HOST)";
				CODE_SIGN_STYLE = Automatic;
				CURRENT_PROJECT_VERSION = 1;
				DEVELOPMENT_TEAM = F5X66F6583;
				GENERATE_INFOPLIST_FILE = YES;
				IPHONEOS_DEPLOYMENT_TARGET = 15.0;
				LD_RUNPATH_SEARCH_PATHS = (
					"$(inherited)",
					"@executable_path/Frameworks",
					"@loader_path/Frameworks",
				);
				MARKETING_VERSION = 1.0;
				PRODUCT_BUNDLE_IDENTIFIER = sosnovsky.ImageryTests;
				PRODUCT_NAME = "$(TARGET_NAME)";
				SWIFT_EMIT_LOC_STRINGS = NO;
				SWIFT_VERSION = 5.0;
				TARGETED_DEVICE_FAMILY = "1,2";
				TEST_HOST = "$(BUILT_PRODUCTS_DIR)/Imagery.app/Imagery";
			};
			name = Debug;
		};
		89C7A5012902ACE600D4C87E /* Release */ = {
			isa = XCBuildConfiguration;
			buildSettings = {
				ALWAYS_EMBED_SWIFT_STANDARD_LIBRARIES = YES;
				BUNDLE_LOADER = "$(TEST_HOST)";
				CODE_SIGN_STYLE = Automatic;
				CURRENT_PROJECT_VERSION = 1;
				DEVELOPMENT_TEAM = F5X66F6583;
				GENERATE_INFOPLIST_FILE = YES;
				IPHONEOS_DEPLOYMENT_TARGET = 15.0;
				LD_RUNPATH_SEARCH_PATHS = (
					"$(inherited)",
					"@executable_path/Frameworks",
					"@loader_path/Frameworks",
				);
				MARKETING_VERSION = 1.0;
				PRODUCT_BUNDLE_IDENTIFIER = sosnovsky.ImageryTests;
				PRODUCT_NAME = "$(TARGET_NAME)";
				SWIFT_EMIT_LOC_STRINGS = NO;
				SWIFT_VERSION = 5.0;
				TARGETED_DEVICE_FAMILY = "1,2";
				TEST_HOST = "$(BUILT_PRODUCTS_DIR)/Imagery.app/Imagery";
			};
			name = Release;
		};
		89C7A5032902ACE600D4C87E /* Debug */ = {
			isa = XCBuildConfiguration;
			buildSettings = {
				ALWAYS_EMBED_SWIFT_STANDARD_LIBRARIES = YES;
				CODE_SIGN_STYLE = Automatic;
				CURRENT_PROJECT_VERSION = 1;
				DEVELOPMENT_TEAM = F5X66F6583;
				GENERATE_INFOPLIST_FILE = YES;
				LD_RUNPATH_SEARCH_PATHS = (
					"$(inherited)",
					"@executable_path/Frameworks",
					"@loader_path/Frameworks",
				);
				MARKETING_VERSION = 1.0;
				PRODUCT_BUNDLE_IDENTIFIER = sosnovsky.ImageryUITests;
				PRODUCT_NAME = "$(TARGET_NAME)";
				SWIFT_EMIT_LOC_STRINGS = NO;
				SWIFT_VERSION = 5.0;
				TARGETED_DEVICE_FAMILY = "1,2";
				TEST_TARGET_NAME = Imagery;
			};
			name = Debug;
		};
		89C7A5042902ACE600D4C87E /* Release */ = {
			isa = XCBuildConfiguration;
			buildSettings = {
				ALWAYS_EMBED_SWIFT_STANDARD_LIBRARIES = YES;
				CODE_SIGN_STYLE = Automatic;
				CURRENT_PROJECT_VERSION = 1;
				DEVELOPMENT_TEAM = F5X66F6583;
				GENERATE_INFOPLIST_FILE = YES;
				LD_RUNPATH_SEARCH_PATHS = (
					"$(inherited)",
					"@executable_path/Frameworks",
					"@loader_path/Frameworks",
				);
				MARKETING_VERSION = 1.0;
				PRODUCT_BUNDLE_IDENTIFIER = sosnovsky.ImageryUITests;
				PRODUCT_NAME = "$(TARGET_NAME)";
				SWIFT_EMIT_LOC_STRINGS = NO;
				SWIFT_VERSION = 5.0;
				TARGETED_DEVICE_FAMILY = "1,2";
				TEST_TARGET_NAME = Imagery;
			};
			name = Release;
		};
/* End XCBuildConfiguration section */

/* Begin XCConfigurationList section */
		89C7A4CD2902ACE500D4C87E /* Build configuration list for PBXProject "Imagery" */ = {
			isa = XCConfigurationList;
			buildConfigurations = (
				89C7A4FA2902ACE600D4C87E /* Debug */,
				89C7A4FB2902ACE600D4C87E /* Release */,
			);
			defaultConfigurationIsVisible = 0;
			defaultConfigurationName = Release;
		};
		89C7A4FC2902ACE600D4C87E /* Build configuration list for PBXNativeTarget "Imagery" */ = {
			isa = XCConfigurationList;
			buildConfigurations = (
				89C7A4FD2902ACE600D4C87E /* Debug */,
				89C7A4FE2902ACE600D4C87E /* Release */,
			);
			defaultConfigurationIsVisible = 0;
			defaultConfigurationName = Release;
		};
		89C7A4FF2902ACE600D4C87E /* Build configuration list for PBXNativeTarget "ImageryTests" */ = {
			isa = XCConfigurationList;
			buildConfigurations = (
				89C7A5002902ACE600D4C87E /* Debug */,
				89C7A5012902ACE600D4C87E /* Release */,
			);
			defaultConfigurationIsVisible = 0;
			defaultConfigurationName = Release;
		};
		89C7A5022902ACE600D4C87E /* Build configuration list for PBXNativeTarget "ImageryUITests" */ = {
			isa = XCConfigurationList;
			buildConfigurations = (
				89C7A5032902ACE600D4C87E /* Debug */,
				89C7A5042902ACE600D4C87E /* Release */,
			);
			defaultConfigurationIsVisible = 0;
			defaultConfigurationName = Release;
		};
/* End XCConfigurationList section */
	};
	rootObject = 89C7A4CA2902ACE500D4C87E /* Project object */;
}
